<?xml version="1.0" encoding="utf-8"?>
<Project ToolsVersion="4.0" xmlns="http://schemas.microsoft.com/developer/msbuild/2003">
  <ItemGroup>
    <Filter Include="pch">
      <UniqueIdentifier>{38314709-64b7-454b-a1c6-0be69fbef6b3}</UniqueIdentifier>
    </Filter>
    <Filter Include="core">
      <UniqueIdentifier>{28233af4-8a7e-4c15-883e-e0d7862ac957}</UniqueIdentifier>
    </Filter>
    <Filter Include="utils">
      <UniqueIdentifier>{418923c5-53e4-42da-926b-bf4785655416}</UniqueIdentifier>
    </Filter>
    <Filter Include="buffer">
      <UniqueIdentifier>{81a42966-672e-4d5b-b0d7-f285e56a29ae}</UniqueIdentifier>
    </Filter>
  </ItemGroup>
  <ItemGroup>
    <ClInclude Include="pch.h">
      <Filter>pch</Filter>
    </ClInclude>
    <ClInclude Include="utils\Utils.h">
      <Filter>utils</Filter>
    </ClInclude>
    <ClInclude Include="core\Listener.h">
      <Filter>core</Filter>
    </ClInclude>
    <ClInclude Include="core\ThreadManager.h">
      <Filter>core</Filter>
    </ClInclude>
    <ClInclude Include="utils\Constants.h">
      <Filter>utils</Filter>
    </ClInclude>
    <ClInclude Include="core\Client.h">
      <Filter>core</Filter>
    </ClInclude>
    <ClInclude Include="core\ClientManager.h">
      <Filter>core</Filter>
    </ClInclude>
    <ClInclude Include="Protocol.h">
      <Filter>core</Filter>
    </ClInclude>
    <ClInclude Include="buffer\RecvBuffer.h">
      <Filter>buffer</Filter>
    </ClInclude>
    <ClInclude Include="buffer\SendBuffer.h">
      <Filter>buffer</Filter>
    </ClInclude>
  </ItemGroup>
  <ItemGroup>
    <ClCompile Include="pch.cpp">
      <Filter>pch</Filter>
    </ClCompile>
    <ClCompile Include="main.cpp">
      <Filter>core</Filter>
    </ClCompile>
    <ClCompile Include="utils\Utils.cpp">
      <Filter>utils</Filter>
    </ClCompile>
    <ClCompile Include="core\Listener.cpp">
      <Filter>core</Filter>
    </ClCompile>
    <ClCompile Include="core\ThreadManager.cpp">
      <Filter>core</Filter>
    </ClCompile>
    <ClCompile Include="utils\Constants.cpp">
      <Filter>utils</Filter>
    </ClCompile>
    <ClCompile Include="core\Client.cpp">
      <Filter>core</Filter>
    </ClCompile>
    <ClCompile Include="core\ClientManager.cpp">
      <Filter>core</Filter>
    </ClCompile>
    <ClCompile Include="buffer\RecvBuffer.cpp">
      <Filter>buffer</Filter>
    </ClCompile>
    <ClCompile Include="buffer\SendBuffer.cpp">
      <Filter>buffer</Filter>
    </ClCompile>
  </ItemGroup>
</Project>